// !$*UTF8*$!
{
	archiveVersion = 1;
	classes = {
	};
	objectVersion = 46;
	objects = {

/* Begin PBXBuildFile section */
		3F53B35C1E2E3A6100B28A3C /* AppDelegate.swift in Sources */ = {isa = PBXBuildFile; fileRef = 3F53B35B1E2E3A6100B28A3C /* AppDelegate.swift */; };
		3F53B35E1E2E3A6100B28A3C /* ViewController.swift in Sources */ = {isa = PBXBuildFile; fileRef = 3F53B35D1E2E3A6100B28A3C /* ViewController.swift */; };
		3F53B3611E2E3A6100B28A3C /* Main.storyboard in Resources */ = {isa = PBXBuildFile; fileRef = 3F53B35F1E2E3A6100B28A3C /* Main.storyboard */; };
		3F53B3641E2E3A6100B28A3C /* Fleet.xcdatamodeld in Sources */ = {isa = PBXBuildFile; fileRef = 3F53B3621E2E3A6100B28A3C /* Fleet.xcdatamodeld */; };
		3F53B3661E2E3A6100B28A3C /* Assets.xcassets in Resources */ = {isa = PBXBuildFile; fileRef = 3F53B3651E2E3A6100B28A3C /* Assets.xcassets */; };
		3F53B3691E2E3A6200B28A3C /* LaunchScreen.storyboard in Resources */ = {isa = PBXBuildFile; fileRef = 3F53B3671E2E3A6200B28A3C /* LaunchScreen.storyboard */; };
		3F53B3921E2E51D500B28A3C /* VeiculosCell.swift in Sources */ = {isa = PBXBuildFile; fileRef = 3F53B3911E2E51D500B28A3C /* VeiculosCell.swift */; };
		3F53B3961E2E52D900B28A3C /* VeiculosTableViewController.swift in Sources */ = {isa = PBXBuildFile; fileRef = 3F53B3951E2E52D900B28A3C /* VeiculosTableViewController.swift */; };
/* End PBXBuildFile section */

/* Begin PBXFileReference section */
		3F53B3581E2E3A6100B28A3C /* Fleet.app */ = {isa = PBXFileReference; explicitFileType = wrapper.application; includeInIndex = 0; path = Fleet.app; sourceTree = BUILT_PRODUCTS_DIR; };
		3F53B35B1E2E3A6100B28A3C /* AppDelegate.swift */ = {isa = PBXFileReference; lastKnownFileType = sourcecode.swift; path = AppDelegate.swift; sourceTree = "<group>"; };
		3F53B35D1E2E3A6100B28A3C /* ViewController.swift */ = {isa = PBXFileReference; lastKnownFileType = sourcecode.swift; path = ViewController.swift; sourceTree = "<group>"; };
		3F53B3601E2E3A6100B28A3C /* Base */ = {isa = PBXFileReference; lastKnownFileType = file.storyboard; name = Base; path = Base.lproj/Main.storyboard; sourceTree = "<group>"; };
		3F53B3631E2E3A6100B28A3C /* Fleet.xcdatamodel */ = {isa = PBXFileReference; lastKnownFileType = wrapper.xcdatamodel; path = Fleet.xcdatamodel; sourceTree = "<group>"; };
		3F53B3651E2E3A6100B28A3C /* Assets.xcassets */ = {isa = PBXFileReference; lastKnownFileType = folder.assetcatalog; path = Assets.xcassets; sourceTree = "<group>"; };
		3F53B3681E2E3A6200B28A3C /* Base */ = {isa = PBXFileReference; lastKnownFileType = file.storyboard; name = Base; path = Base.lproj/LaunchScreen.storyboard; sourceTree = "<group>"; };
		3F53B36A1E2E3A6200B28A3C /* Info.plist */ = {isa = PBXFileReference; lastKnownFileType = text.plist.xml; path = Info.plist; sourceTree = "<group>"; };
		3F53B3911E2E51D500B28A3C /* VeiculosCell.swift */ = {isa = PBXFileReference; fileEncoding = 4; lastKnownFileType = sourcecode.swift; path = VeiculosCell.swift; sourceTree = "<group>"; };
		3F53B3951E2E52D900B28A3C /* VeiculosTableViewController.swift */ = {isa = PBXFileReference; fileEncoding = 4; lastKnownFileType = sourcecode.swift; path = VeiculosTableViewController.swift; sourceTree = "<group>"; };
/* End PBXFileReference section */

/* Begin PBXFrameworksBuildPhase section */
		3F53B3551E2E3A6100B28A3C /* Frameworks */ = {
			isa = PBXFrameworksBuildPhase;
			buildActionMask = 2147483647;
			files = (
			);
			runOnlyForDeploymentPostprocessing = 0;
		};
/* End PBXFrameworksBuildPhase section */

/* Begin PBXGroup section */
		3F53B34F1E2E3A6100B28A3C = {
			isa = PBXGroup;
			children = (
				3F53B35A1E2E3A6100B28A3C /* Fleet */,
				3F53B3591E2E3A6100B28A3C /* Products */,
			);
			sourceTree = "<group>";
		};
		3F53B3591E2E3A6100B28A3C /* Products */ = {
			isa = PBXGroup;
			children = (
				3F53B3581E2E3A6100B28A3C /* Fleet.app */,
			);
			name = Products;
			sourceTree = "<group>";
		};
		3F53B35A1E2E3A6100B28A3C /* Fleet */ = {
			isa = PBXGroup;
			children = (
				3F53B3901E2E516700B28A3C /* Controler */,
				3F53B35B1E2E3A6100B28A3C /* AppDelegate.swift */,
				3F53B35F1E2E3A6100B28A3C /* Main.storyboard */,
				3F53B3651E2E3A6100B28A3C /* Assets.xcassets */,
				3F53B3671E2E3A6200B28A3C /* LaunchScreen.storyboard */,
				3F53B36A1E2E3A6200B28A3C /* Info.plist */,
				3F53B3621E2E3A6100B28A3C /* Fleet.xcdatamodeld */,
			);
			path = Fleet;
			sourceTree = "<group>";
		};
		3F53B3901E2E516700B28A3C /* Controler */ = {
			isa = PBXGroup;
			children = (
				3F53B35D1E2E3A6100B28A3C /* ViewController.swift */,
				3F53B3911E2E51D500B28A3C /* VeiculosCell.swift */,
				3F53B3951E2E52D900B28A3C /* VeiculosTableViewController.swift */,
			);
			name = Controler;
			sourceTree = "<group>";
		};
/* End PBXGroup section */

/* Begin PBXNativeTarget section */
		3F53B3571E2E3A6100B28A3C /* Fleet */ = {
			isa = PBXNativeTarget;
			buildConfigurationList = 3F53B36D1E2E3A6200B28A3C /* Build configuration list for PBXNativeTarget "Fleet" */;
			buildPhases = (
				3F53B3541E2E3A6100B28A3C /* Sources */,
				3F53B3551E2E3A6100B28A3C /* Frameworks */,
				3F53B3561E2E3A6100B28A3C /* Resources */,
			);
			buildRules = (
			);
			dependencies = (
			);
			name = Fleet;
			productName = Fleet;
			productReference = 3F53B3581E2E3A6100B28A3C /* Fleet.app */;
			productType = "com.apple.product-type.application";
		};
/* End PBXNativeTarget section */

/* Begin PBXProject section */
		3F53B3501E2E3A6100B28A3C /* Project object */ = {
			isa = PBXProject;
			attributes = {
				LastSwiftUpdateCheck = 0820;
				LastUpgradeCheck = 0820;
				ORGANIZATIONNAME = Student;
				TargetAttributes = {
					3F53B3571E2E3A6100B28A3C = {
						CreatedOnToolsVersion = 8.2.1;
						ProvisioningStyle = Automatic;
					};
				};
			};
			buildConfigurationList = 3F53B3531E2E3A6100B28A3C /* Build configuration list for PBXProject "Fleet" */;
			compatibilityVersion = "Xcode 3.2";
			developmentRegion = English;
			hasScannedForEncodings = 0;
			knownRegions = (
				en,
				Base,
			);
			mainGroup = 3F53B34F1E2E3A6100B28A3C;
			productRefGroup = 3F53B3591E2E3A6100B28A3C /* Products */;
			projectDirPath = "";
			projectRoot = "";
			targets = (
				3F53B3571E2E3A6100B28A3C /* Fleet */,
			);
		};
/* End PBXProject section */

/* Begin PBXResourcesBuildPhase section */
		3F53B3561E2E3A6100B28A3C /* Resources */ = {
			isa = PBXResourcesBuildPhase;
			buildActionMask = 2147483647;
			files = (
				3F53B3691E2E3A6200B28A3C /* LaunchScreen.storyboard in Resources */,
				3F53B3661E2E3A6100B28A3C /* Assets.xcassets in Resources */,
				3F53B3611E2E3A6100B28A3C /* Main.storyboard in Resources */,
			);
			runOnlyForDeploymentPostprocessing = 0;
		};
/* End PBXResourcesBuildPhase section */

/* Begin PBXSourcesBuildPhase section */
		3F53B3541E2E3A6100B28A3C /* Sources */ = {
			isa = PBXSourcesBuildPhase;
			buildActionMask = 2147483647;
			files = (
				3F53B35E1E2E3A6100B28A3C /* ViewController.swift in Sources */,
				3F53B35C1E2E3A6100B28A3C /* AppDelegate.swift in Sources */,
				3F53B3641E2E3A6100B28A3C /* Fleet.xcdatamodeld in Sources */,
				3F53B3921E2E51D500B28A3C /* VeiculosCell.swift in Sources */,
				3F53B3961E2E52D900B28A3C /* VeiculosTableViewController.swift in Sources */,
			);
			runOnlyForDeploymentPostprocessing = 0;
		};
/* End PBXSourcesBuildPhase section */

/* Begin PBXVariantGroup section */
		3F53B35F1E2E3A6100B28A3C /* Main.storyboard */ = {
			isa = PBXVariantGroup;
			children = (
				3F53B3601E2E3A6100B28A3C /* Base */,
			);
			name = Main.storyboard;
			sourceTree = "<group>";
		};
		3F53B3671E2E3A6200B28A3C /* LaunchScreen.storyboard */ = {
			isa = PBXVariantGroup;
			children = (
				3F53B3681E2E3A6200B28A3C /* Base */,
			);
			name = LaunchScreen.storyboard;
			sourceTree = "<group>";
		};
/* End PBXVariantGroup section */

/* Begin XCBuildConfiguration section */
		3F53B36B1E2E3A6200B28A3C /* Debug */ = {
			isa = XCBuildConfiguration;
			buildSettings = {
				ALWAYS_SEARCH_USER_PATHS = NO;
				CLANG_ANALYZER_NONNULL = YES;
				CLANG_CXX_LANGUAGE_STANDARD = "gnu++0x";
				CLANG_CXX_LIBRARY = "libc++";
				CLANG_ENABLE_MODULES = YES;
				CLANG_ENABLE_OBJC_ARC = YES;
				CLANG_WARN_BOOL_CONVERSION = YES;
				CLANG_WARN_CONSTANT_CONVERSION = YES;
				CLANG_WARN_DIRECT_OBJC_ISA_USAGE = YES_ERROR;
				CLANG_WARN_DOCUMENTATION_COMMENTS = YES;
				CLANG_WARN_EMPTY_BODY = YES;
				CLANG_WARN_ENUM_CONVERSION = YES;
				CLANG_WARN_INFINITE_RECURSION = YES;
				CLANG_WARN_INT_CONVERSION = YES;
				CLANG_WARN_OBJC_ROOT_CLASS = YES_ERROR;
				CLANG_WARN_SUSPICIOUS_MOVE = YES;
				CLANG_WARN_UNREACHABLE_CODE = YES;
				CLANG_WARN__DUPLICATE_METHOD_MATCH = YES;
				"CODE_SIGN_IDENTITY[sdk=iphoneos*]" = "iPhone Developer";
				COPY_PHASE_STRIP = NO;
				DEBUG_INFORMATION_FORMAT = dwarf;
				ENABLE_STRICT_OBJC_MSGSEND = YES;
				ENABLE_TESTABILITY = YES;
				GCC_C_LANGUAGE_STANDARD = gnu99;
				GCC_DYNAMIC_NO_PIC = NO;
				GCC_NO_COMMON_BLOCKS = YES;
				GCC_OPTIMIZATION_LEVEL = 0;
				GCC_PREPROCESSOR_DEFINITIONS = (
					"DEBUG=1",
					"$(inherited)",
				);
				GCC_WARN_64_TO_32_BIT_CONVERSION = YES;
				GCC_WARN_ABOUT_RETURN_TYPE = YES_ERROR;
				GCC_WARN_UNDECLARED_SELECTOR = YES;
				GCC_WARN_UNINITIALIZED_AUTOS = YES_AGGRESSIVE;
				GCC_WARN_UNUSED_FUNCTION = YES;
				GCC_WARN_UNUSED_VARIABLE = YES;
				IPHONEOS_DEPLOYMENT_TARGET = 10.2;
				MTL_ENABLE_DEBUG_INFO = YES;
				ONLY_ACTIVE_ARCH = YES;
				SDKROOT = iphoneos;
				SWIFT_ACTIVE_COMPILATION_CONDITIONS = DEBUG;
				SWIFT_OPTIMIZATION_LEVEL = "-Onone";
				TARGETED_DEVICE_FAMILY = "1,2";
			};
			name = Debug;
		};
		3F53B36C1E2E3A6200B28A3C /* Release */ = {
			isa = XCBuildConfiguration;
			buildSettings = {
				ALWAYS_SEARCH_USER_PATHS = NO;
				CLANG_ANALYZER_NONNULL = YES;
				CLANG_CXX_LANGUAGE_STANDARD = "gnu++0x";
				CLANG_CXX_LIBRARY = "libc++";
				CLANG_ENABLE_MODULES = YES;
				CLANG_ENABLE_OBJC_ARC = YES;
				CLANG_WARN_BOOL_CONVERSION = YES;
				CLANG_WARN_CONSTANT_CONVERSION = YES;
				CLANG_WARN_DIRECT_OBJC_ISA_USAGE = YES_ERROR;
				CLANG_WARN_DOCUMENTATION_COMMENTS = YES;
				CLANG_WARN_EMPTY_BODY = YES;
				CLANG_WARN_ENUM_CONVERSION = YES;
				CLANG_WARN_INFINITE_RECURSION = YES;
				CLANG_WARN_INT_CONVERSION = YES;
				CLANG_WARN_OBJC_ROOT_CLASS = YES_ERROR;
				CLANG_WARN_SUSPICIOUS_MOVE = YES;
				CLANG_WARN_UNREACHABLE_CODE = YES;
				CLANG_WARN__DUPLICATE_METHOD_MATCH = YES;
				"CODE_SIGN_IDENTITY[sdk=iphoneos*]" = "iPhone Developer";
				COPY_PHASE_STRIP = NO;
				DEBUG_INFORMATION_FORMAT = "dwarf-with-dsym";
				ENABLE_NS_ASSERTIONS = NO;
				ENABLE_STRICT_OBJC_MSGSEND = YES;
				GCC_C_LANGUAGE_STANDARD = gnu99;
				GCC_NO_COMMON_BLOCKS = YES;
				GCC_WARN_64_TO_32_BIT_CONVERSION = YES;
				GCC_WARN_ABOUT_RETURN_TYPE = YES_ERROR;
				GCC_WARN_UNDECLARED_SELECTOR = YES;
				GCC_WARN_UNINITIALIZED_AUTOS = YES_AGGRESSIVE;
				GCC_WARN_UNUSED_FUNCTION = YES;
				GCC_WARN_UNUSED_VARIABLE = YES;
				IPHONEOS_DEPLOYMENT_TARGET = 10.2;
				MTL_ENABLE_DEBUG_INFO = NO;
				SDKROOT = iphoneos;
				SWIFT_OPTIMIZATION_LEVEL = "-Owholemodule";
				TARGETED_DEVICE_FAMILY = "1,2";
				VALIDATE_PRODUCT = YES;
			};
			name = Release;
		};
		3F53B36E1E2E3A6200B28A3C /* Debug */ = {
			isa = XCBuildConfiguration;
			buildSettings = {
				ASSETCATALOG_COMPILER_APPICON_NAME = AppIcon;
				INFOPLIST_FILE = Fleet/Info.plist;
				LD_RUNPATH_SEARCH_PATHS = "$(inherited) @executable_path/Frameworks";
				PRODUCT_BUNDLE_IDENTIFIER = com.teste.eu.Fleet;
				PRODUCT_NAME = "$(TARGET_NAME)";
				SWIFT_VERSION = 3.0;
			};
			name = Debug;
		};
		3F53B36F1E2E3A6200B28A3C /* Release */ = {
			isa = XCBuildConfiguration;
			buildSettings = {
				ASSETCATALOG_COMPILER_APPICON_NAME = AppIcon;
				INFOPLIST_FILE = Fleet/Info.plist;
				LD_RUNPATH_SEARCH_PATHS = "$(inherited) @executable_path/Frameworks";
				PRODUCT_BUNDLE_IDENTIFIER = com.teste.eu.Fleet;
				PRODUCT_NAME = "$(TARGET_NAME)";
				SWIFT_VERSION = 3.0;
			};
			name = Release;
		};
/* End XCBuildConfiguration section */

/* Begin XCConfigurationList section */
		3F53B3531E2E3A6100B28A3C /* Build configuration list for PBXProject "Fleet" */ = {
			isa = XCConfigurationList;
			buildConfigurations = (
				3F53B36B1E2E3A6200B28A3C /* Debug */,
				3F53B36C1E2E3A6200B28A3C /* Release */,
			);
			defaultConfigurationIsVisible = 0;
			defaultConfigurationName = Release;
		};
		3F53B36D1E2E3A6200B28A3C /* Build configuration list for PBXNativeTarget "Fleet" */ = {
			isa = XCConfigurationList;
			buildConfigurations = (
				3F53B36E1E2E3A6200B28A3C /* Debug */,
				3F53B36F1E2E3A6200B28A3C /* Release */,
			);
			defaultConfigurationIsVisible = 0;
		};
/* End XCConfigurationList section */

/* Begin XCVersionGroup section */
		3F53B3621E2E3A6100B28A3C /* Fleet.xcdatamodeld */ = {
			isa = XCVersionGroup;
			children = (
				3F53B3631E2E3A6100B28A3C /* Fleet.xcdatamodel */,
			);
			currentVersion = 3F53B3631E2E3A6100B28A3C /* Fleet.xcdatamodel */;
			path = Fleet.xcdatamodeld;
			sourceTree = "<group>";
			versionGroupType = wrapper.xcdatamodel;
		};
/* End XCVersionGroup section */
	};
	rootObject = 3F53B3501E2E3A6100B28A3C /* Project object */;
}
